# THIS IS AN AUTOGENERATED FILE. DO NOT EDIT THIS FILE DIRECTLY.
# yarn lockfile v1


director@^1.2.8:
  version "1.2.8"
  resolved "http://registry.npm.taobao.org/director/download/director-1.2.8.tgz#c6d9b4dd890e9aff5365183fe9cc8e73994cf2d5"

knockout@^3.4.1:
  version "3.4.1"
  resolved "http://registry.npm.taobao.org/knockout/download/knockout-3.4.1.tgz#8bd057bde8f7d0a02b93dda433c2a8d942d8a9a0"
